
Microsoft Visual Studio Solution File, Format Version 12.00
# Visual Studio Version 17
VisualStudioVersion = 17.12.35728.132
MinimumVisualStudioVersion = 10.0.40219.1
Project("{888888A0-9F3D-457C-B088-3A5042F75D52}") = "POC", "POC.pyproj", "{E10619C7-7881-4AB5-BA2A-0968E3E2E09E}"
EndProject
Project("{FAE04EC0-301F-11D3-BF4B-00C04F79EFBC}") = "POCDotnet", "POCDotnet\POCDotnet.csproj", "{177848A3-D46D-4302-9C2E-03E2E15A573B}"
EndProject
Global
	GlobalSection(SolutionConfigurationPlatforms) = preSolution
		Debug|Any CPU = Debug|Any CPU
		Release|Any CPU = Release|Any CPU
	EndGlobalSection
	GlobalSection(ProjectConfigurationPlatforms) = postSolution
		{E10619C7-7881-4AB5-BA2A-0968E3E2E09E}.Debug|Any CPU.ActiveCfg = Debug|Any CPU
		{E10619C7-7881-4AB5-BA2A-0968E3E2E09E}.Release|Any CPU.ActiveCfg = Release|Any CPU
		{177848A3-D46D-4302-9C2E-03E2E15A573B}.Debug|Any CPU.ActiveCfg = Debug|Any CPU
		{177848A3-D46D-4302-9C2E-03E2E15A573B}.Debug|Any CPU.Build.0 = Debug|Any CPU
		{177848A3-D46D-4302-9C2E-03E2E15A573B}.Release|Any CPU.ActiveCfg = Release|Any CPU
		{177848A3-D46D-4302-9C2E-03E2E15A573B}.Release|Any CPU.Build.0 = Release|Any CPU
	EndGlobalSection
	GlobalSection(SolutionProperties) = preSolution
		HideSolutionNode = FALSE
	EndGlobalSection
EndGlobal
